
Microsoft Visual Studio Solution File, Format Version 12.00
# Visual Studio Version 17
VisualStudioVersion = 17.1.32421.90
MinimumVisualStudioVersion = 10.0.40219.1
Project("{FAE04EC0-301F-11D3-BF4B-00C04F79EFBC}") = "Edith", "Edith\Edith.csproj", "{0BDABAD8-8656-4386-A70B-77AD3A71D362}"
EndProject
Global
	GlobalSection(SolutionConfigurationPlatforms) = preSolution
		Debug|Any CPU = Debug|Any CPU
		Release|Any CPU = Release|Any CPU
	EndGlobalSection
	GlobalSection(ProjectConfigurationPlatforms) = postSolution
		{0BDABAD8-8656-4386-A70B-77AD3A71D362}.Debug|Any CPU.ActiveCfg = Debug|Any CPU
		{0BDABAD8-8656-4386-A70B-77AD3A71D362}.Debug|Any CPU.Build.0 = Debug|Any CPU
		{0BDABAD8-8656-4386-A70B-77AD3A71D362}.Release|Any CPU.ActiveCfg = Release|Any CPU
		{0BDABAD8-8656-4386-A70B-77AD3A71D362}.Release|Any CPU.Build.0 = Release|Any CPU
	EndGlobalSection
	GlobalSection(SolutionProperties) = preSolution
		HideSolutionNode = FALSE
	EndGlobalSection
	GlobalSection(ExtensibilityGlobals) = postSolution
		SolutionGuid = {F1D936B5-8FDB-4E24-A4CC-7A1C1C0FCAD1}
	EndGlobalSection
EndGlobal
